# THIS IS AN AUTOGENERATED FILE. DO NOT EDIT THIS FILE DIRECTLY.
assets/1.jpg:
  dev_cb: 2018-06-26T15:03:39-04:00   2452c9b13a3583c504969e03fd592dbf
assets/ACCESSORIZES.jpg:
  dev_cb: 2018-06-26T15:03:41-04:00   f49956be8205d25e929b77b9c470b086
assets/BLACK_FRIDAY_BANNER_UK.jpg:
  dev_cb: 2018-06-26T15:03:42-04:00   29e126bd60c715e61498e16e95f4a303
assets/BLACK_FRIDAY_BANNER_US.jpg:
  dev_cb: 2018-06-26T15:03:42-04:00   c44d8994758dce781976c89d51c3fb1c
assets/EVOUCHER_BANNER.jpg:
  dev_cb: 2018-06-26T15:03:42-04:00   3875f8c84a6de972b97f0c6e4ac93a11
assets/FontAwesome.otf:
  dev_cb: 2018-06-26T15:03:43-04:00   0d2717cd5d853e5c765ca032dfd41a4d
assets/aboutHero.jpg:
  dev_cb: 2018-06-26T15:03:43-04:00   36e7273051053cb697f9d46a9268bbff
assets/app.js.liquid:
  dev_cb: 2018-06-26T15:03:44-04:00   0b8dc096cc5854e521be7bfb5cd1acbe
assets/arrow-right.png:
  dev_cb: 2018-06-26T15:03:44-04:00   6ed18dd9b83591b8c085cc202dc06892
assets/arrow-right.svg:
  dev_cb: 2018-06-26T15:03:44-04:00   426eb82987eeae89d1de87de2932dbe5
assets/berry.png:
  dev_cb: 2018-06-26T15:03:44-04:00   483a66611c023e464eb4ba723426d8ff
assets/blogHero.jpg:
  dev_cb: 2018-06-26T15:03:45-04:00   6f296cb8dbcddce2a84d964a5876ab31
assets/bundle.css.liquid:
  dev_cb: 2018-06-26T15:03:45-04:00   a286c2c8adc827199849e6b26133f3e4
assets/bundle.js:
  dev_cb: 2018-06-27T22:20:49-04:00   e6b84ec17d7b148e7a1f7bdaf7c83138
assets/bundle.js.map:
  dev_cb: 2018-06-26T15:03:46-04:00   a49b99a6aa59741a5c9c1478f3ced411
assets/cafe_menu.jpg:
  dev_cb: 2018-06-26T15:03:46-04:00   0c9d1289addf56ab6cf44e43570bba46
assets/cafe_page__1.jpg:
  dev_cb: 2018-06-26T15:03:46-04:00   eaa4b2dfa0d8747ca9f141d753297d5c
assets/caret-right.svg:
  dev_cb: 2018-06-26T15:11:52-04:00   cbbde0ff387cc6490ff2e9a7d5d09127
assets/cat_tm.jpg:
  dev_cb: 2018-06-26T15:03:47-04:00   c2ddcb8dc7c4c49296c1d7609414e551
assets/cfi_1.jpg:
  dev_cb: 2018-06-26T15:03:47-04:00   a0af35bc1955ed00b2ad79498bf34604
assets/cfi_2.jpg:
  dev_cb: 2018-06-26T15:03:47-04:00   c696add081ca45cf4d81883171224e3f
assets/cfi_3.jpg:
  dev_cb: 2018-06-26T15:03:47-04:00   df7a74157a27bb8ed22bad3103412d4f
assets/cfi_4.jpg:
  dev_cb: 2018-06-26T15:03:48-04:00   6eaa9e78a632488b36167b7a1fdf4419
assets/charlie_tm.jpg:
  dev_cb: 2018-06-26T15:03:48-04:00   ed9ca515abc9175f4b279d7e0edf3f44
assets/chess_tm.jpg:
  dev_cb: 2018-06-26T15:03:48-04:00   5075ca5e6461917c37266c462bca986b
assets/choc.png:
  dev_cb: 2018-06-26T15:03:48-04:00   b19cf73a2e2bd0ca40d404938919442f
assets/chocolate.png:
  dev_cb: 2018-06-26T15:03:49-04:00   4ba2c4142a95702e9144cc4c9e6143d2
assets/coconut.png:
  dev_cb: 2018-06-26T15:03:49-04:00   baffc1b80200df310f8cba29dad5439e
assets/cross.svg:
  dev_cb: 2018-06-26T15:03:50-04:00   fef7f61a22d2758a1904ea98904b8057
assets/cta_1.jpg:
  dev_cb: 2018-06-26T15:03:50-04:00   1f0a9279d35356e49f33363b7563c22b
assets/cta_1b.jpg:
  dev_cb: 2018-06-26T15:03:50-04:00   4e7d4104e8ffb4ba35ce4261f8e3899e
assets/cta_2.jpg:
  dev_cb: 2018-06-26T15:03:50-04:00   383ccf5fc59d10521d748ed70885bb27
assets/cta_3.jpg:
  dev_cb: 2018-06-26T15:03:51-04:00   30564561fa76f16bf601081b4cda93b0
assets/cta_4.jpg:
  dev_cb: 2018-06-26T15:03:51-04:00   78941badb14f1ff3af8d6217f81181b4
assets/de_roza.jpg:
  dev_cb: 2018-06-26T15:03:51-04:00   937faf3739986affe46651d8435a5072
assets/emilycohen.jpg:
  dev_cb: 2018-06-26T15:03:51-04:00   dcd927b3e2503b24306cf5a9abd4871c
assets/es_logo.jpg:
  dev_cb: 2018-06-26T15:03:52-04:00   2b0486e25e7b29917464cb5490847a64
assets/esq_logo.jpg:
  dev_cb: 2018-06-26T15:03:52-04:00   fa3d6d4b5d07728e1c3daf6da9d60209
assets/ethos_education.png:
  dev_cb: 2018-06-26T15:03:53-04:00   9a1854fc68624ae78131877cd655629b
assets/ethos_innovation.png:
  dev_cb: 2018-06-26T15:03:53-04:00   ef0a788c57c4885fa50e9a41d7a26818
assets/ethos_involvement.png:
  dev_cb: 2018-06-26T15:03:53-04:00   df34df58ff9c4e08ab00cc36d929d766
assets/ethos_simplicity.png:
  dev_cb: 2018-06-26T15:03:53-04:00   7d141f358a719b422991983cbf536264
assets/europa-bold-webfont.woff:
  dev_cb: 2018-06-26T15:03:54-04:00   32cffc7273f59b4a3e60f3401def59fd
assets/europa-regular-webfont.woff:
  dev_cb: 2018-06-26T15:03:54-04:00   d14f3adaa02efec77718b6f293d27eee
assets/f-main__icon--email.svg:
  dev_cb: 2018-06-26T15:03:54-04:00   f2ce71bfed8fed6846ad656573046665
assets/f-main__icon--message.svg:
  dev_cb: 2018-06-26T15:03:54-04:00   cc5ce81303674030f86399f395ae8e02
assets/factory_2.jpg:
  dev_cb: 2018-06-26T15:03:55-04:00   d2c61871b0cd0d62bf586c57e9cc9cbe
assets/farm.jpg:
  dev_cb: 2018-06-26T15:03:55-04:00   a0ab8a4bc2c905a1469a20875ce4e479
assets/fastclick.min.js:
  dev_cb: 2018-06-26T15:03:55-04:00   4c68290ccc4d503561895dff0821621f
assets/favicon.ico:
  dev_cb: 2018-06-26T15:03:55-04:00   c27d21f0be3d796f83b4f2f8a232fa72
assets/feed_1.jpg:
  dev_cb: 2018-06-26T15:03:56-04:00   acee9b52949e2e9aeaf4bd58af402524
assets/feed_2.jpg:
  dev_cb: 2018-06-26T15:03:56-04:00   bdb0f108ec5e420ef427d9f45ac5ebdd
assets/feed_3.jpg:
  dev_cb: 2018-06-26T15:03:57-04:00   7a8f852c2917baf5227f3e60314543b0
assets/feed_4.jpg:
  dev_cb: 2018-06-26T15:03:57-04:00   634ca37007858e8332fa3b06fdefbe76
assets/feed_5.jpg:
  dev_cb: 2018-06-26T15:03:57-04:00   3b24b1bc961027a6565c1f21292e5e96
assets/feed_6.jpg:
  dev_cb: 2018-06-26T15:03:57-04:00   926e774f663e7e974beb60873e753c3c
assets/feed_7.jpg:
  dev_cb: 2018-06-26T15:03:58-04:00   de176620767e8be90a781dc7e408a8cf
assets/felixproject.jpg:
  dev_cb: 2018-06-26T15:03:58-04:00   732de8c0e6e171cae72f094f909b78ac
assets/flickity.js.liquid:
  dev_cb: 2018-06-26T15:03:58-04:00   4d593fb14854e593fe833dffe46912fb
assets/flickity.scss.liquid:
  dev_cb: 2018-06-26T15:03:58-04:00   a6d9358c93040d374bd2641413273c72
assets/fontawesome-webfont.eot:
  dev_cb: 2018-06-26T15:03:59-04:00   674f50d287a8c48dc19ba404d20fe713
assets/fontawesome-webfont.svg:
  dev_cb: 2018-06-26T15:03:59-04:00   912ec66d7572ff821749319396470bde
assets/fontawesome-webfont.ttf:
  dev_cb: 2018-06-26T15:03:59-04:00   b06871f281fee6b241d60582ae9369b9
assets/fontawesome-webfont.woff:
  dev_cb: 2018-06-26T15:04:00-04:00   fee66e712a8a08eef5805a46892932ad
assets/fontawesome-webfont.woff2:
  dev_cb: 2018-06-26T15:04:00-04:00   af7ae505a9eed503f8b8e6982036873e
assets/functions.js.liquid:
  dev_cb: 2018-06-26T15:04:00-04:00   82e136f374780d9563f2b72f03bfff43
assets/getTweets.js:
  dev_cb: 2018-06-26T15:04:01-04:00   1c7e05c633f0961a6d1576aeaadeb7b2
assets/gift-card.scss.liquid:
  dev_cb: 2018-06-26T15:04:01-04:00   51d69a006549204982d2528115fb9869
assets/greens_bg.jpg:
  dev_cb: 2018-06-26T15:04:01-04:00   e8db9c0478cff387e430eeb04cbb5274
assets/gt_logo.jpg:
  dev_cb: 2018-06-26T15:04:01-04:00   5d9b4791c8a4d5fdeff2dc86b6be1d7a
assets/hannah_potter.jpg:
  dev_cb: 2018-06-26T15:04:02-04:00   374c2732f58490840b9738ff8e604599
assets/hello_logo.jpg:
  dev_cb: 2018-06-26T15:04:02-04:00   7652d1d18d82a56fed53c0ed3ab93106
assets/hero_protein.jpg:
  dev_cb: 2018-06-26T15:04:02-04:00   f8242823afe2cc2427b270701b540385
assets/home_hero.jpg:
  dev_cb: 2018-06-26T15:04:03-04:00   b8109dde98627ec818836ed3b7d13919
assets/home_hero_neatbars.jpg:
  dev_cb: 2018-06-26T15:04:03-04:00   fac7f14d6eff350ca658d6ce840d2df4
assets/home_hero_us.jpg:
  dev_cb: 2018-06-26T15:04:03-04:00   70ece36a0c3ec7080a2ea5401e320a7f
assets/hoverIntent.js:
  dev_cb: 2018-06-26T15:04:04-04:00   5dcce8ef4cf3dc69545680203dfc231f
assets/ico-arrow-retina.png:
  dev_cb: 2018-06-26T15:04:04-04:00   1ee50ed8995a162ea11f6dda11bd89d1
assets/ico-arrow-white-retina.png:
  dev_cb: 2018-06-26T15:04:04-04:00   5776118433b1e2ba328c616f8f7fc858
assets/ico-cart-retina.png:
  dev_cb: 2018-06-26T15:04:04-04:00   003ae4c6635b8a22ead38a6d6396f506
assets/ico-cart@2x.png:
  dev_cb: 2018-06-26T15:04:04-04:00   003ae4c6635b8a22ead38a6d6396f506
assets/ico-check.svg:
  dev_cb: 2018-06-26T15:04:05-04:00   5f5bf3a7306a0e1e00ce08bdc78d75af
assets/imagesloaded.js:
  dev_cb: 2018-06-26T15:04:05-04:00   511ef2f6ee750edc32bb5c8d5d324e7e
assets/iscl--facebook.svg:
  dev_cb: 2018-06-26T15:04:05-04:00   1e618146843014ef39f64c124e5eef3a
assets/iscl--instagram.svg:
  dev_cb: 2018-06-26T15:04:05-04:00   c1b84dd116c8406e2d11213757c10586
assets/iscl--twitter.svg:
  dev_cb: 2018-06-26T15:04:05-04:00   008ea2e867015b40bd66ba5bc2f686f1
assets/isotope.js:
  dev_cb: 2018-06-26T15:04:06-04:00   71d48e1abb2fc5f744ce54b8355d97ae
assets/izzy_tm.jpg:
  dev_cb: 2018-06-26T15:04:06-04:00   2e15c301685584a40d957a01e491c0e5
assets/jquery.cookie.js:
  dev_cb: 2018-06-26T15:04:06-04:00   34259e1b3697ec38ec1ad00f29c64305
assets/jquery.js:
  dev_cb: 2018-06-26T15:04:06-04:00   b2f71c943f2f14613bc100fc3ec59db2
assets/jquery.magnific-popup.min.js:
  dev_cb: 2018-06-26T15:04:07-04:00   b37d7edf99565d3858eaa1ad80df3cff
assets/kathryn_armitage.jpg:
  dev_cb: 2018-06-26T15:04:07-04:00   e15d66b5d1c46d39b979e0f365465a2b
assets/katie_morgan.jpg:
  dev_cb: 2018-06-26T15:04:07-04:00   2721039223353e3053ba5792de717166
assets/kitchen.jpg:
  dev_cb: 2018-06-26T15:04:08-04:00   5ea38173fcd1236aeacb3444dae0bbe7
assets/lee_tm.jpg:
  dev_cb: 2018-06-26T15:04:08-04:00   a5bf5845f753fbac251cbec96ced467d
assets/line.svg:
  dev_cb: 2018-06-26T15:04:08-04:00   4ca1c35aa4c8d745e8fbaeee269ea7ea
assets/loader.gif:
  dev_cb: 2018-06-26T15:04:08-04:00   302e8b5574d903e5393310e437e55485
assets/logo-alt.png:
  dev_cb: 2018-06-26T15:04:09-04:00   732a015dc8901964228186a429692db9
assets/logo.png:
  dev_cb: 2018-06-26T15:04:09-04:00   da6daf236ff38fcee8fcdc11a00cb974
assets/logo_b.png:
  dev_cb: 2018-06-26T15:04:10-04:00   5ef118b7614194de872ab5639cecb061
assets/logo_bg_1.jpg:
  dev_cb: 2018-06-26T15:04:10-04:00   823021f8fb2f67ae5e5f72b59ee9d26e
assets/logo_w.png:
  dev_cb: 2018-06-26T15:04:10-04:00   ab5c911138a5b33beb7ee4742fdadb2f
assets/logo000.png:
  dev_cb: 2018-06-26T15:04:09-04:00   55c602348cfaad3576d8451fb98a1024
assets/logoFFF.png:
  dev_cb: 2018-06-26T15:04:09-04:00   03c2346bb5bba7e38debfecf5aa69a36
assets/magnific-popup.css:
  dev_cb: 2018-06-26T15:04:10-04:00   c03fe8704d90e35eba342d2ca2c5a530
assets/mail_online_logo.jpg:
  dev_cb: 2018-06-26T15:04:10-04:00   c69a0ed745c6bc287a033c0e426adfda
assets/menu-icon-1.png:
  dev_cb: 2018-06-26T15:04:11-04:00   ac2538da0e1b08e293bfd18432d709af
assets/mh_logo.jpg:
  dev_cb: 2018-06-26T15:04:11-04:00   4675b1bb331071bfeeb178e0f63c9f55
assets/money.js:
  dev_cb: 2018-06-26T15:04:11-04:00   05655816476934abe0c9f05da1e1d0d9
assets/naked.png:
  dev_cb: 2018-06-26T15:04:11-04:00   faa01b2692c3b69e1d83bf41e0c0e334
assets/neatProdBg_1.jpg:
  dev_cb: 2018-06-26T15:04:12-04:00   1386d465830bc29c7096b9c581aaa677
assets/neatProdBg_1b.jpg:
  dev_cb: 2018-06-26T15:04:12-04:00   d8b254b286e3fd3bff096120ca80e4ca
assets/neatProdBg_2b.jpg:
  dev_cb: 2018-06-26T15:04:12-04:00   c559dac134ae8205952c830b64644061
assets/neatProdBg_3.jpg:
  dev_cb: 2018-06-26T15:04:13-04:00   1fc94c10f354516e94fb9d66c93d5ba8
assets/newsletter.jpg:
  dev_cb: 2018-06-26T15:04:13-04:00   d258b2bcbd96704d4e611f6c0e778854
assets/np-hero__3.jpg:
  dev_cb: 2018-06-26T15:04:13-04:00   59dd8b8745253febbc4f01f54b985716
assets/np-hero__3_halved.jpg:
  dev_cb: 2018-06-26T15:04:14-04:00   1f5a39702c8f84de8d06a5b313ccf66b
assets/olivia_flora.jpg:
  dev_cb: 2018-06-26T15:04:14-04:00   b9571f058cc08e0f20a852a872dda44a
assets/oranges_bg.jpg:
  dev_cb: 2018-06-26T15:04:14-04:00   c0527bed0056e97510b3565e70e62bce
assets/owl.carousel.min.css:
  dev_cb: 2018-06-26T15:04:14-04:00   7851305fda2cd31a9186917f2f14e580
assets/owl.carousel.min.js:
  dev_cb: 2018-06-26T15:04:15-04:00   f80088cc8ff68f9cc0ffea0e48e04895
assets/period-1-mobile-retina.png:
  dev_cb: 2018-06-26T15:04:15-04:00   29dc3c871167460caef7904a898e4f9e
assets/period-2-mobile-retina.png:
  dev_cb: 2018-06-26T15:04:15-04:00   3e67ed309c9d11171b9bc47ed7c01731
assets/period-3-mobile-retina.png:
  dev_cb: 2018-06-26T15:04:15-04:00   f7bcba16dc97816a41d4efddf23e68a9
assets/period-image-1.png:
  dev_cb: 2018-06-26T15:04:17-04:00   5159ad102a500380bf1f380e617c4d0b
assets/period-image-2.png:
  dev_cb: 2018-06-26T15:04:18-04:00   73d0d0acda6197f189875c639f244b18
assets/period-image-3.png:
  dev_cb: 2018-06-26T15:04:18-04:00   8749957ac17b24e1f7ebca7705506f4f
assets/pjones.jpg:
  dev_cb: 2018-06-26T15:04:18-04:00   f3edca9723e86e502c12b72d70a350b2
assets/portal.scss.liquid:
  dev_cb: 2018-06-27T11:20:11-04:00   3aa7059d6ea34f42c2bdbe5efbc3c919
assets/prodBlurb.jpg:
  dev_cb: 2018-06-26T15:04:18-04:00   3dee12e1ddbb8b1d83c298928cbd8704
assets/prodBlurb.png:
  dev_cb: 2018-06-26T15:04:18-04:00   be0ade0c6a8d3a86a6ac613cf1edf735
assets/product-image-1.png:
  dev_cb: 2018-06-26T15:04:19-04:00   47520e2861162d7580f2ba1a673ee0d3
assets/product-image-2.png:
  dev_cb: 2018-06-26T15:04:19-04:00   02a0ae2930f69aa96e93b9a57f423fe6
assets/product-image-3.png:
  dev_cb: 2018-06-26T15:04:19-04:00   32ce61bbd904899728b7d7291759f75f
assets/provHero.jpg:
  dev_cb: 2018-06-26T15:04:20-04:00   60ae586f24c7e6c206a4c298d620b254
assets/provTest.jpg:
  dev_cb: 2018-06-26T15:04:20-04:00   b4fc9f73d67e73c8858858138d620204
assets/rec_1.jpg:
  dev_cb: 2018-06-26T15:04:20-04:00   1dc13379d81df29bffa54c6e757b5bb7
assets/rec_2.jpg:
  dev_cb: 2018-06-26T15:04:20-04:00   27124903bed01dca0dc9066e0c6fdd8f
assets/rec_3.jpg:
  dev_cb: 2018-06-26T15:04:20-04:00   179e56956b0150f192e1da7916ceb05b
assets/rec_4.jpg:
  dev_cb: 2018-06-26T15:04:21-04:00   3a836192a19347388a697ee4b9807219
assets/rec_7.jpg:
  dev_cb: 2018-06-26T15:04:21-04:00   939c2f8b922e11c2cdf00e076c91bfc6
assets/reviews_logo.jpg:
  dev_cb: 2018-06-26T15:04:21-04:00   60c6af729a2ae4cfd403d4c0f2b98aaa
assets/rob_tm.jpg:
  dev_cb: 2018-06-26T15:04:21-04:00   dba9349623302dce9145e308715fddc8
assets/sections.js.liquid:
  dev_cb: 2018-06-26T15:04:22-04:00   aa26260058defea831aa2e0b89dcf185
assets/sections.scss.liquid:
  dev_cb: 2018-06-26T15:04:22-04:00   99c650ebf11d81a79c5df69805931531
assets/slick.js:
  dev_cb: 2018-06-26T15:04:22-04:00   bcce859ace65004399258141e2bb6df9
assets/slick.scss.liquid:
  dev_cb: 2018-06-26T15:04:22-04:00   736418291d96e62b98f0a8b36275407f
assets/slide_one.jpg:
  dev_cb: 2018-06-26T15:04:23-04:00   a0fea265dd6fb2740813f4e6aabf5f68
assets/slide_three.jpg:
  dev_cb: 2018-06-26T15:04:23-04:00   8220a7a1dea0636c0e97bf380b477c4a
assets/slide_two.jpg:
  dev_cb: 2018-06-26T15:04:23-04:00   976ebd247281b820a88875983654fb3c
assets/sports_aid.jpg:
  dev_cb: 2018-06-26T15:04:24-04:00   4bd7d164dda2d42208eb02400ac703e7
assets/sports_aid.png:
  dev_cb: 2018-06-26T15:04:24-04:00   5da2c219e27a4600e6b794543e9368d2
assets/storyHero.jpg:
  dev_cb: 2018-06-26T15:04:24-04:00   c5e466addb413b18b27b8fb6e0a8162d
assets/strawbs_bg.jpg:
  dev_cb: 2018-06-26T15:04:25-04:00   2cac69a3e2211fe9767fd65f6ba473c4
assets/style.scss.liquid:
  dev_cb: 2018-06-26T15:04:25-04:00   172473736a4471dccb990aaa6bb1a81b
assets/stylescss.scss.liquid:
  dev_cb: 2018-06-26T15:04:25-04:00   ebbc18d2319ac788c5bbe7810d7652ca
assets/telegraph_logo.jpg:
  dev_cb: 2018-06-26T15:04:26-04:00   c56a3bb5729b48e7b0b592f055863209
assets/test.jpg:
  dev_cb: 2018-06-26T15:04:27-04:00   3ce6c11ea4f1eed18524c719b0cce391
assets/theme.js.liquid:
  dev_cb: 2018-06-26T15:04:27-04:00   bf7db15bc49a6dfe64222d092dd0da4b
assets/theme.scss.liquid:
  dev_cb: 2018-06-26T15:04:27-04:00   29e5ad345a4f35b4bc42382fdb3c2f42
assets/this_is_money_logo.jpg:
  dev_cb: 2018-06-26T15:04:27-04:00   48c4e33a8a49e0d0e689294e2b6ac300
assets/tiago.jpg:
  dev_cb: 2018-06-26T15:04:27-04:00   7b4f71fd17577e8dc562095d842fea0c
assets/uk_header.jpg:
  dev_cb: 2018-06-26T15:04:28-04:00   3ff60d10a1eb2ed8a7be33b8a1566ff9
assets/united-kingdom.svg:
  dev_cb: 2018-06-26T15:04:28-04:00   db68882cbf4beac3f3ee3923f1a91b82
assets/united-states.svg:
  dev_cb: 2018-06-26T15:04:28-04:00   936feee6e8061e6bf4006dce278384dd
assets/v_1.png:
  dev_cb: 2018-06-26T15:04:29-04:00   21466a9182a85ff45f1b6dc44fcaeab6
assets/v_2.png:
  dev_cb: 2018-06-26T15:04:30-04:00   804aadb0ff2dd695880956cfcca1f838
assets/v_3.png:
  dev_cb: 2018-06-26T15:04:30-04:00   17f879e490f8c67f4f9e66da1f4956fd
assets/v_4.png:
  dev_cb: 2018-06-26T15:04:31-04:00   609d454dc372bbacb51ee8583ef88217
assets/v_h_1.png:
  dev_cb: 2018-06-26T15:04:31-04:00   d32c7ce0e69fccd856307633881dcbe4
assets/v_h_2.png:
  dev_cb: 2018-06-26T15:04:31-04:00   dd2a7443d05a8d2951275385f8b13a1e
assets/v_h_3.png:
  dev_cb: 2018-06-26T15:04:31-04:00   4617b0778d958c75498b253566a7f061
assets/v_h_4.png:
  dev_cb: 2018-06-26T15:04:32-04:00   67e21a9bf2a4af6e25cef5d55f105c7b
assets/v_p_1.png:
  dev_cb: 2018-06-26T15:04:32-04:00   603da6635efbb864e10454ae309d0821
assets/v_p_2.png:
  dev_cb: 2018-06-26T15:04:33-04:00   85667ad4443dc607f4267c4ac2d5714a
assets/v_p_3.png:
  dev_cb: 2018-06-26T15:04:33-04:00   ce92a69e5ee869a45f6f4faba8270f55
assets/v_p_4.png:
  dev_cb: 2018-06-26T15:04:33-04:00   51eabc67050752ba6cb475548384b482
assets/v1.png:
  dev_cb: 2018-06-26T15:04:28-04:00   aae38b8bb3eaa9b9ea014df5efbdffae
assets/v2.png:
  dev_cb: 2018-06-26T15:04:29-04:00   dd02b5f60279c252c0e58422fc426968
assets/v3.png:
  dev_cb: 2018-06-26T15:04:29-04:00   1c34634903b21265a8679418acafb88f
assets/vanilla.png:
  dev_cb: 2018-06-26T15:04:33-04:00   5aedd48fd9a7fb4d8cdd27c6b8f8c45d
assets/variant-1-image-retina.png:
  dev_cb: 2018-06-26T15:04:33-04:00   96bd72b1f80890210b1e212e141fb3e6
assets/variant-2-image-retina.png:
  dev_cb: 2018-06-26T15:04:33-04:00   7f668782ccba4bbdd6abf2383cd8c75d
assets/variant-3-image-retina.png:
  dev_cb: 2018-06-26T15:04:34-04:00   44b7619a4d42881d1b7a1053e2e7a194
assets/vegan_production.jpg:
  dev_cb: 2018-06-26T15:04:34-04:00   738dfd2ab3b025ff4b9fbf3293c74d3a
assets/w_health_logo.jpg:
  dev_cb: 2018-06-26T15:04:35-04:00   ce4c0c915ec017d0190a534a0c4a7763
assets/w1.png:
  dev_cb: 2018-06-26T15:04:34-04:00   6c402176cd046302df9c7e436f27b75b
assets/w2.png:
  dev_cb: 2018-06-26T15:04:34-04:00   449b3f3f21e0b25f7412725115eafb75
assets/w3.png:
  dev_cb: 2018-06-26T15:04:34-04:00   e898e544a0da47b0fe43cbfc12a9d596
assets/w4.png:
  dev_cb: 2018-06-26T15:04:35-04:00   0b9477c2cfc45ccbbc2a582d315aa9e2
assets/w5.png:
  dev_cb: 2018-06-26T15:04:35-04:00   cc984481b8ff71c1148f386c07858c26
assets/whey_production.jpg:
  dev_cb: 2018-06-26T15:04:35-04:00   988bac733db805c0198ebe5f665f88f8
config/settings_schema.json:
  dev_cb: 2018-06-26T15:04:38-04:00   ab32005f18d4c20372bc5c3ca59bcfa3
layout/theme.liquid:
  dev_cb: 2018-06-26T15:15:05-04:00   683a2a93de3eaec2ec9609f9d6d053d3
locales/en.default.json:
  dev_cb: 2018-06-26T15:04:36-04:00   a0bb8cb6beae580947af6cba01dcf6b8
sections/footer.liquid:
  dev_cb: 2018-06-26T15:03:38-04:00   f562c0219d37c909cfbd5398066f9980
sections/header.liquid:
  dev_cb: 2018-06-26T15:03:38-04:00   a1ebc02763e2c556ec679ff3fdc65221
sections/mega-menu.liquid:
  dev_cb: 2018-06-26T15:03:38-04:00   75f68dd47a1f5ab7b2137a1f92c65f35
sections/section-about.liquid:
  dev_cb: 2018-06-28T09:58:02-04:00   c252f18e4c421422e25c69a88409d3ce
sections/section-accordions.liquid:
  dev_cb: 2018-06-26T15:03:38-04:00   16a78aba0c65529397c1b320b17efac0
sections/section-featured-blog.liquid:
  dev_cb: 2018-06-26T15:03:38-04:00   5fefa89c818e0bab2bcab89ac6763fa4
sections/section-features.liquid:
  dev_cb: 2018-06-26T15:03:38-04:00   3a62bfcb2d6ad35b885ba5c0d3c92724
sections/section-intro.liquid:
  dev_cb: 2018-06-26T15:03:38-04:00   1b1b0b6e492080158d9dc1adc5cba43f
sections/section-news.liquid:
  dev_cb: 2018-06-26T15:03:38-04:00   44335ef265c56fbb1c402f964f9081c2
sections/section-outro.liquid:
  dev_cb: 2018-06-26T15:03:38-04:00   61409004ae13a37b127438490c46f610
sections/section-trial-flow.liquid:
  dev_cb: 2018-06-27T22:46:11-04:00   ea0481bbb6a1c46d09166342001d2a7e
sections/template-password.liquid:
  dev_cb: 2018-06-26T15:03:38-04:00   a3b3a06a7cd79a42a53fe9d665af0b4a
snippets/article-item.liquid:
  dev_cb: 2018-06-26T15:04:36-04:00   67678d6d9e7d6990d61963a6689c4236
snippets/blog-comments.liquid:
  dev_cb: 2018-06-26T15:04:36-04:00   41e040e27583b073eb8a78b451eaa029
snippets/breadcrumbs.liquid:
  dev_cb: 2018-06-26T15:04:36-04:00   a30ba341b0b5bcd6821efa70a22274be
snippets/cart-text.liquid:
  dev_cb: 2018-06-26T15:04:36-04:00   e90d6c9eba8bbae5cca53f2e6feb9d73
snippets/collection-sorting.liquid:
  dev_cb: 2018-06-26T15:04:36-04:00   67385a4a7830e632790a974146071b43
snippets/customer-welcome.liquid:
  dev_cb: 2018-06-26T15:04:36-04:00   35e42497f8ceb4d283b4d9b703da547a
snippets/footer.liquid:
  dev_cb: 2018-06-26T15:04:36-04:00   f53c6d43f11157dbfdf3f1364de35cf9
snippets/form-address-body.liquid:
  dev_cb: 2018-06-26T15:04:36-04:00   8bf2415963a4364c5955f9bcb28bbfd4
snippets/form-search.liquid:
  dev_cb: 2018-06-26T15:04:36-04:00   f2ed328a27dd1b17894ef5c2fc467edf
snippets/grid-classes.liquid:
  dev_cb: 2018-06-26T15:04:36-04:00   413d2db6756558627e07f8edb78f8e94
snippets/head.liquid:
  dev_cb: 2018-06-26T15:04:36-04:00   94029de78ae29eec7543f8d676c4a76b
snippets/header.liquid:
  dev_cb: 2018-06-26T15:04:36-04:00   12e085ae99538a851b6a8b5bac63326c
snippets/main-menu.liquid:
  dev_cb: 2018-06-26T15:04:36-04:00   54f7694d81a7208cac2a2080fe7304ce
snippets/menu.liquid:
  dev_cb: 2018-06-26T15:04:36-04:00   33e15b99f07faf35d49fd3295c464d2a
snippets/newsletter.liquid:
  dev_cb: 2018-06-26T15:04:36-04:00   4d771b28d49d6d796e3e6867e2073f42
snippets/pagination.liquid:
  dev_cb: 2018-06-26T15:04:36-04:00   4353bd68256c57e8842b85a504a05faf
snippets/product-item.liquid:
  dev_cb: 2018-06-26T15:04:36-04:00   1307e0e250fdf2a683c7ec2cd4350013
snippets/recharge-header.liquid:
  dev_cb: 2018-06-26T15:04:36-04:00   24c37221ae34232a8fd4d5e9589284c2
snippets/related-products.liquid:
  dev_cb: 2018-06-26T15:04:37-04:00   dead64ee88bcd97efba07790fe15c0b8
snippets/section-page-banner.liquid:
  dev_cb: 2018-06-28T09:46:29-04:00   e33bb83b2c3928c3778376ca5af16453
snippets/section-page-columns.liquid:
  dev_cb: 2018-06-28T09:46:28-04:00   77b9929aca0fb63032f034b0bf38be3a
snippets/section-page-hero.liquid:
  dev_cb: 2018-06-28T09:46:26-04:00   5c46a20b3975112652660ad9c7024dc6
snippets/section-page-paragraph.liquid:
  dev_cb: 2018-06-28T09:46:24-04:00   2e43d4c7dd2a1ba42dee2e60d183d5b5
snippets/settings.liquid:
  dev_cb: 2018-06-26T15:15:46-04:00   ea03dd7c36ea1e27de021341c785f406
snippets/social-meta-tags.liquid:
  dev_cb: 2018-06-26T15:04:37-04:00   ce1e77f646a153076dfbffc7d974dea9
snippets/socials.liquid:
  dev_cb: 2018-06-26T15:04:37-04:00   4c79025c464e87dbc6a4851213f03430
snippets/subscription-cart-footer.liquid:
  dev_cb: 2018-06-26T15:14:21-04:00   e15461a3c789aeb9d5fa26c74bdd52ea
snippets/subscription-product.liquid:
  dev_cb: 2018-06-26T15:14:29-04:00   193734f0a99c5225f1ee529f3a66572b
snippets/subscription-theme-footer.liquid:
  dev_cb: 2018-06-26T15:14:37-04:00   12b2680357a3f273b47c07d9baf7252f
snippets/trial-flow-page-1.liquid:
  dev_cb: 2018-06-27T18:21:38-04:00   09bcd06d1b67dda1ced92308cd293fb6
snippets/trial-flow-page-2.liquid:
  dev_cb: 2018-06-27T22:09:43-04:00   a7720252f95d889130ae959337629f2b
snippets/trial-flow-page-3.liquid:
  dev_cb: 2018-06-27T15:58:49-04:00   3a237f063047c36da04c204db2cb10e9
templates/404.liquid:
  dev_cb: 2018-06-26T15:04:37-04:00   60236051716d7f7ccf183137d9d5b08b
templates/article.liquid:
  dev_cb: 2018-06-26T15:04:37-04:00   1d690d2bfd30a3f02d7edd43bf6adda2
templates/blog.liquid:
  dev_cb: 2018-06-26T15:04:37-04:00   07e3c1b6b3eaeb10284a1f816a1d6d49
templates/cart.liquid:
  dev_cb: 2018-06-27T22:39:29-04:00   02d6b7cf0fb818384279266221b841b6
templates/collection.liquid:
  dev_cb: 2018-06-26T15:04:37-04:00   92f41bb7e8221a78e1f6c1aab1ba07bf
templates/customers/account.liquid:
  dev_cb: 2018-06-26T15:11:46-04:00   126071f0c37648066f11fb6b1c472433
templates/customers/activate_account.liquid:
  dev_cb: 2018-06-26T15:04:37-04:00   e5d57dc4722ac160f0d31293e10ff682
templates/customers/addresses.liquid:
  dev_cb: 2018-06-26T15:04:37-04:00   6c1da051c76266f03157f86581ffc249
templates/customers/login.liquid:
  dev_cb: 2018-06-26T15:04:37-04:00   e1f5457c6d7e03a0e942cfc25c15d1e2
templates/customers/order.liquid:
  dev_cb: 2018-06-26T15:11:43-04:00   865529567279fd2b4fc99ca1b28b15a6
templates/customers/register.liquid:
  dev_cb: 2018-06-26T15:04:37-04:00   9e0d0c85b0627211021e27ca3bee3aa8
templates/customers/reset_password.liquid:
  dev_cb: 2018-06-26T15:04:37-04:00   65a004fc6c74b4661da0a4896318dffa
templates/gift_card.liquid:
  dev_cb: 2018-06-26T15:04:37-04:00   b01bce4d6b8a5b4620b34ef67c99071c
templates/index.liquid:
  dev_cb: 2018-06-26T15:04:37-04:00   b1dfac8c369520b2d32269ccaead64a0
templates/list-collections.liquid:
  dev_cb: 2018-06-26T15:04:38-04:00   374f24f194c610a7374846ef865fceb0
templates/page.about.liquid:
  dev_cb: 2018-06-28T09:46:19-04:00   6b31f5b566c9bf5dc7b3ee22d059d2f8
templates/page.contact.liquid:
  dev_cb: 2018-06-26T15:04:38-04:00   0209a33233ed355fcb77e3348ae5e9a0
templates/page.liquid:
  dev_cb: 2018-06-26T15:04:38-04:00   db41bedf58ab3e653382d6c38db948e8
templates/page.recharge.liquid:
  dev_cb: 2018-06-27T14:01:02-04:00   cd31eb021deb87b9bcb49e43ff3503ab
templates/password.liquid:
  dev_cb: 2018-06-26T15:04:38-04:00   35ded8f433ce9b3be7821ce8beff884e
templates/product.liquid:
  dev_cb: 2018-06-26T15:04:38-04:00   4982d687273266c1e2e7dc7638bbf5a2
templates/search.liquid:
  dev_cb: 2018-06-26T15:04:38-04:00   61a79ac401142336bb72631f089c3959
